// !$*UTF8*$!
{
	archiveVersion = 1;
	classes = {
	};
	objectVersion = 46;
	objects = {

/* Begin PBXBuildFile section */
		49913DFC1D98038700C436EC /* Glf_SalaryRaiseViewController.m in Sources */ = {isa = PBXBuildFile; fileRef = 49913DFB1D98038700C436EC /* Glf_SalaryRaiseViewController.m */; };
		49913DFF1D9803C600C436EC /* Glf_SalaryRaiseModel.m in Sources */ = {isa = PBXBuildFile; fileRef = 49913DFE1D9803C600C436EC /* Glf_SalaryRaiseModel.m */; };
		49913E021D9804DA00C436EC /* Glf_PractiseViewController.m in Sources */ = {isa = PBXBuildFile; fileRef = 49913E011D9804DA00C436EC /* Glf_PractiseViewController.m */; };
		49913E051D9804F200C436EC /* Glf_PractiseModel.m in Sources */ = {isa = PBXBuildFile; fileRef = 49913E041D9804F200C436EC /* Glf_PractiseModel.m */; };
		49913E081D9805B700C436EC /* Glf_JobHuntingViewController.m in Sources */ = {isa = PBXBuildFile; fileRef = 49913E071D9805B700C436EC /* Glf_JobHuntingViewController.m */; };
		49913E0F1D98068600C436EC /* Glf_CustomizedCoursesViewController.m in Sources */ = {isa = PBXBuildFile; fileRef = 49913E0E1D98068600C436EC /* Glf_CustomizedCoursesViewController.m */; };
		49913E191D9807CD00C436EC /* Glf_ScanViewController.m in Sources */ = {isa = PBXBuildFile; fileRef = 49913E181D9807CD00C436EC /* Glf_ScanViewController.m */; };
		49913E1C1D9807E800C436EC /* Glf_SearchCoursesViewController.m in Sources */ = {isa = PBXBuildFile; fileRef = 49913E1B1D9807E800C436EC /* Glf_SearchCoursesViewController.m */; };
		4994FCBF1D954C1500673F17 /* Glf_MyTableViewCell.m in Sources */ = {isa = PBXBuildFile; fileRef = 4994FCBE1D954C1500673F17 /* Glf_MyTableViewCell.m */; };
		49BEA3FC1D93F7B9001DED2E /* Glf_ModelOfCourse.m in Sources */ = {isa = PBXBuildFile; fileRef = 49BEA3FB1D93F7B9001DED2E /* Glf_ModelOfCourse.m */; };
		49BEC3291D9238FC0011302E /* main.m in Sources */ = {isa = PBXBuildFile; fileRef = 49BEC3281D9238FC0011302E /* main.m */; };
		49BEC32C1D9238FC0011302E /* AppDelegate.m in Sources */ = {isa = PBXBuildFile; fileRef = 49BEC32B1D9238FC0011302E /* AppDelegate.m */; };
		49BEC3321D9238FC0011302E /* Main.storyboard in Resources */ = {isa = PBXBuildFile; fileRef = 49BEC3301D9238FC0011302E /* Main.storyboard */; };
		49BEC3341D9238FC0011302E /* Assets.xcassets in Resources */ = {isa = PBXBuildFile; fileRef = 49BEC3331D9238FC0011302E /* Assets.xcassets */; };
		49BEC3371D9238FC0011302E /* LaunchScreen.storyboard in Resources */ = {isa = PBXBuildFile; fileRef = 49BEC3351D9238FC0011302E /* LaunchScreen.storyboard */; };
		49BEC3401D9239E30011302E /* AboutMe in Resources */ = {isa = PBXBuildFile; fileRef = 49BEC33F1D9239E30011302E /* AboutMe */; };
		49BEC3511D9239F10011302E /* Glf_BaseModel.m in Sources */ = {isa = PBXBuildFile; fileRef = 49BEC34C1D9239F10011302E /* Glf_BaseModel.m */; };
		49BEC37E1D9239FD0011302E /* NSArray+Categories.m in Sources */ = {isa = PBXBuildFile; fileRef = 49BEC3581D9239FD0011302E /* NSArray+Categories.m */; };
		49BEC37F1D9239FD0011302E /* NSDate+Categories.m in Sources */ = {isa = PBXBuildFile; fileRef = 49BEC35A1D9239FD0011302E /* NSDate+Categories.m */; };
		49BEC3801D9239FD0011302E /* NSDate+EasyExtend.mm in Sources */ = {isa = PBXBuildFile; fileRef = 49BEC35C1D9239FD0011302E /* NSDate+EasyExtend.mm */; };
		49BEC3811D9239FD0011302E /* NSDictionary+Categories.m in Sources */ = {isa = PBXBuildFile; fileRef = 49BEC35E1D9239FD0011302E /* NSDictionary+Categories.m */; };
		49BEC3821D9239FD0011302E /* NSNumber+Extend.m in Sources */ = {isa = PBXBuildFile; fileRef = 49BEC3601D9239FD0011302E /* NSNumber+Extend.m */; };
		49BEC3831D9239FD0011302E /* NSString+Categories.m in Sources */ = {isa = PBXBuildFile; fileRef = 49BEC3621D9239FD0011302E /* NSString+Categories.m */; };
		49BEC3841D9239FD0011302E /* NSString+Regex.m in Sources */ = {isa = PBXBuildFile; fileRef = 49BEC3641D9239FD0011302E /* NSString+Regex.m */; };
		49BEC3851D9239FD0011302E /* NSUserDefaults+Categories.m in Sources */ = {isa = PBXBuildFile; fileRef = 49BEC3661D9239FD0011302E /* NSUserDefaults+Categories.m */; };
		49BEC3861D9239FD0011302E /* UIButton+Block.m in Sources */ = {isa = PBXBuildFile; fileRef = 49BEC3681D9239FD0011302E /* UIButton+Block.m */; };
		49BEC3871D9239FD0011302E /* UIColor+Categories.m in Sources */ = {isa = PBXBuildFile; fileRef = 49BEC36A1D9239FD0011302E /* UIColor+Categories.m */; };
		49BEC3881D9239FD0011302E /* UIImage+Categories.m in Sources */ = {isa = PBXBuildFile; fileRef = 49BEC36C1D9239FD0011302E /* UIImage+Categories.m */; };
		49BEC3891D9239FD0011302E /* UIView+Frame.m in Sources */ = {isa = PBXBuildFile; fileRef = 49BEC36E1D9239FD0011302E /* UIView+Frame.m */; };
		49BEC38A1D9239FD0011302E /* DataBaseManager.m in Sources */ = {isa = PBXBuildFile; fileRef = 49BEC3711D9239FD0011302E /* DataBaseManager.m */; };
		49BEC38B1D9239FE0011302E /* HttpClient.m in Sources */ = {isa = PBXBuildFile; fileRef = 49BEC3751D9239FD0011302E /* HttpClient.m */; };
		49BEC38C1D9239FE0011302E /* AppStoreUtils.m in Sources */ = {isa = PBXBuildFile; fileRef = 49BEC3781D9239FD0011302E /* AppStoreUtils.m */; };
		49BEC38D1D9239FE0011302E /* FileManagerUtils.m in Sources */ = {isa = PBXBuildFile; fileRef = 49BEC37A1D9239FD0011302E /* FileManagerUtils.m */; };
		49BEC38E1D9239FE0011302E /* NSUserDefaultsUtils.m in Sources */ = {isa = PBXBuildFile; fileRef = 49BEC37C1D9239FD0011302E /* NSUserDefaultsUtils.m */; };
		49BEC3A71D927B2E0011302E /* Glf_BaseViewController.m in Sources */ = {isa = PBXBuildFile; fileRef = 49BEC3A61D927B2E0011302E /* Glf_BaseViewController.m */; };
		49BEC3B61D927C8F0011302E /* Glf_GuideViewController.m in Sources */ = {isa = PBXBuildFile; fileRef = 49BEC3B51D927C8F0011302E /* Glf_GuideViewController.m */; };
		49BEC3B91D927CA20011302E /* Glf_CourseViewController.m in Sources */ = {isa = PBXBuildFile; fileRef = 49BEC3B81D927CA20011302E /* Glf_CourseViewController.m */; };
		49BEC3BD1D9289EC0011302E /* Glf_DownloadViewController.m in Sources */ = {isa = PBXBuildFile; fileRef = 49BEC3BC1D9289EC0011302E /* Glf_DownloadViewController.m */; };
		49BEC3C31D928A2B0011302E /* Glf_DiscoverViewController.m in Sources */ = {isa = PBXBuildFile; fileRef = 49BEC3C21D928A2B0011302E /* Glf_DiscoverViewController.m */; };
		49BEC3C91D928A530011302E /* Glf_MineViewController.m in Sources */ = {isa = PBXBuildFile; fileRef = 49BEC3C81D928A530011302E /* Glf_MineViewController.m */; };
		49BEC3CE1D928F1A0011302E /* Glf_TabBarViewController.m in Sources */ = {isa = PBXBuildFile; fileRef = 49BEC3CD1D928F1A0011302E /* Glf_TabBarViewController.m */; };
		49DC1B011D9A1A5600476592 /* Glf_PractiseCollectionViewCell.m in Sources */ = {isa = PBXBuildFile; fileRef = 49DC1B001D9A1A5600476592 /* Glf_PractiseCollectionViewCell.m */; };
		49DC1B2C1D9A711800476592 /* Glf_JobHuntingModel.m in Sources */ = {isa = PBXBuildFile; fileRef = 49DC1B2B1D9A711800476592 /* Glf_JobHuntingModel.m */; };
		49DC1B321D9A9DFE00476592 /* Glf_UpCollectionViewCell.m in Sources */ = {isa = PBXBuildFile; fileRef = 49DC1B311D9A9DFE00476592 /* Glf_UpCollectionViewCell.m */; };
		49E189D21D962A49004A1706 /* Glf_BaseView.m in Sources */ = {isa = PBXBuildFile; fileRef = 49E189D11D962A49004A1706 /* Glf_BaseView.m */; };
		49E3AFC31D97A1B400DA29DF /* Glf_HistoryViewController.m in Sources */ = {isa = PBXBuildFile; fileRef = 49E3AFC21D97A1B400DA29DF /* Glf_HistoryViewController.m */; };
		49E3AFC61D97A22100DA29DF /* Glf_CourseCatagoryViewController.m in Sources */ = {isa = PBXBuildFile; fileRef = 49E3AFC51D97A22100DA29DF /* Glf_CourseCatagoryViewController.m */; };
		49E3AFC91D97A32900DA29DF /* Glf_CategroiesModel.m in Sources */ = {isa = PBXBuildFile; fileRef = 49E3AFC81D97A32900DA29DF /* Glf_CategroiesModel.m */; };
		49E3AFCC1D97A34900DA29DF /* Glf_SkillModel.m in Sources */ = {isa = PBXBuildFile; fileRef = 49E3AFCB1D97A34900DA29DF /* Glf_SkillModel.m */; };
		49E3AFCF1D97A6B700DA29DF /* Glf_CoursesCollectionReusableView.m in Sources */ = {isa = PBXBuildFile; fileRef = 49E3AFCE1D97A6B700DA29DF /* Glf_CoursesCollectionReusableView.m */; };
		49E3AFD21D97A7BA00DA29DF /* Glf_CourseCategoryCollectionViewCell.m in Sources */ = {isa = PBXBuildFile; fileRef = 49E3AFD11D97A7BA00DA29DF /* Glf_CourseCategoryCollectionViewCell.m */; };
		49E3FE891D98C30C00036DF5 /* Glf_SalaryRaiseHeaderCollectionViewCell.m in Sources */ = {isa = PBXBuildFile; fileRef = 49E3FE881D98C30C00036DF5 /* Glf_SalaryRaiseHeaderCollectionViewCell.m */; };
		49E3FEC91D9936F200036DF5 /* Glf_UpLayerCollectionViewCell.m in Sources */ = {isa = PBXBuildFile; fileRef = 49E3FEC81D9936F200036DF5 /* Glf_UpLayerCollectionViewCell.m */; };
		49E3FECC1D99668000036DF5 /* Glf_SalaryCollectionViewCell.m in Sources */ = {isa = PBXBuildFile; fileRef = 49E3FECB1D99668000036DF5 /* Glf_SalaryCollectionViewCell.m */; };
		7EDE260FEE911A1B94C954B9 /* libPods-GeekCourse.a in Frameworks */ = {isa = PBXBuildFile; fileRef = 1D1201F1BEC3600C670E7C7D /* libPods-GeekCourse.a */; };
/* End PBXBuildFile section */

/* Begin PBXFileReference section */
		1D1201F1BEC3600C670E7C7D /* libPods-GeekCourse.a */ = {isa = PBXFileReference; explicitFileType = archive.ar; includeInIndex = 0; path = "libPods-GeekCourse.a"; sourceTree = BUILT_PRODUCTS_DIR; };
		49913DFA1D98038700C436EC /* Glf_SalaryRaiseViewController.h */ = {isa = PBXFileReference; fileEncoding = 4; lastKnownFileType = sourcecode.c.h; path = Glf_SalaryRaiseViewController.h; sourceTree = "<group>"; };
		49913DFB1D98038700C436EC /* Glf_SalaryRaiseViewController.m */ = {isa = PBXFileReference; fileEncoding = 4; lastKnownFileType = sourcecode.c.objc; path = Glf_SalaryRaiseViewController.m; sourceTree = "<group>"; };
		49913DFD1D9803C600C436EC /* Glf_SalaryRaiseModel.h */ = {isa = PBXFileReference; fileEncoding = 4; lastKnownFileType = sourcecode.c.h; path = Glf_SalaryRaiseModel.h; sourceTree = "<group>"; };
		49913DFE1D9803C600C436EC /* Glf_SalaryRaiseModel.m */ = {isa = PBXFileReference; fileEncoding = 4; lastKnownFileType = sourcecode.c.objc; path = Glf_SalaryRaiseModel.m; sourceTree = "<group>"; };
		49913E001D9804DA00C436EC /* Glf_PractiseViewController.h */ = {isa = PBXFileReference; fileEncoding = 4; lastKnownFileType = sourcecode.c.h; path = Glf_PractiseViewController.h; sourceTree = "<group>"; };
		49913E011D9804DA00C436EC /* Glf_PractiseViewController.m */ = {isa = PBXFileReference; fileEncoding = 4; lastKnownFileType = sourcecode.c.objc; path = Glf_PractiseViewController.m; sourceTree = "<group>"; };
		49913E031D9804F200C436EC /* Glf_PractiseModel.h */ = {isa = PBXFileReference; fileEncoding = 4; lastKnownFileType = sourcecode.c.h; path = Glf_PractiseModel.h; sourceTree = "<group>"; };
		49913E041D9804F200C436EC /* Glf_PractiseModel.m */ = {isa = PBXFileReference; fileEncoding = 4; lastKnownFileType = sourcecode.c.objc; path = Glf_PractiseModel.m; sourceTree = "<group>"; };
		49913E061D9805B700C436EC /* Glf_JobHuntingViewController.h */ = {isa = PBXFileReference; fileEncoding = 4; lastKnownFileType = sourcecode.c.h; path = Glf_JobHuntingViewController.h; sourceTree = "<group>"; };
		49913E071D9805B700C436EC /* Glf_JobHuntingViewController.m */ = {isa = PBXFileReference; fileEncoding = 4; lastKnownFileType = sourcecode.c.objc; path = Glf_JobHuntingViewController.m; sourceTree = "<group>"; };
		49913E0D1D98068600C436EC /* Glf_CustomizedCoursesViewController.h */ = {isa = PBXFileReference; fileEncoding = 4; lastKnownFileType = sourcecode.c.h; path = Glf_CustomizedCoursesViewController.h; sourceTree = "<group>"; };
		49913E0E1D98068600C436EC /* Glf_CustomizedCoursesViewController.m */ = {isa = PBXFileReference; fileEncoding = 4; lastKnownFileType = sourcecode.c.objc; path = Glf_CustomizedCoursesViewController.m; sourceTree = "<group>"; };
		49913E171D9807CD00C436EC /* Glf_ScanViewController.h */ = {isa = PBXFileReference; fileEncoding = 4; lastKnownFileType = sourcecode.c.h; path = Glf_ScanViewController.h; sourceTree = "<group>"; };
		49913E181D9807CD00C436EC /* Glf_ScanViewController.m */ = {isa = PBXFileReference; fileEncoding = 4; lastKnownFileType = sourcecode.c.objc; path = Glf_ScanViewController.m; sourceTree = "<group>"; };
		49913E1A1D9807E800C436EC /* Glf_SearchCoursesViewController.h */ = {isa = PBXFileReference; fileEncoding = 4; lastKnownFileType = sourcecode.c.h; path = Glf_SearchCoursesViewController.h; sourceTree = "<group>"; };
		49913E1B1D9807E800C436EC /* Glf_SearchCoursesViewController.m */ = {isa = PBXFileReference; fileEncoding = 4; lastKnownFileType = sourcecode.c.objc; path = Glf_SearchCoursesViewController.m; sourceTree = "<group>"; };
		4994FCBD1D954C1500673F17 /* Glf_MyTableViewCell.h */ = {isa = PBXFileReference; fileEncoding = 4; lastKnownFileType = sourcecode.c.h; path = Glf_MyTableViewCell.h; sourceTree = "<group>"; };
		4994FCBE1D954C1500673F17 /* Glf_MyTableViewCell.m */ = {isa = PBXFileReference; fileEncoding = 4; lastKnownFileType = sourcecode.c.objc; path = Glf_MyTableViewCell.m; sourceTree = "<group>"; };
		49BEA3FA1D93F7B9001DED2E /* Glf_ModelOfCourse.h */ = {isa = PBXFileReference; fileEncoding = 4; lastKnownFileType = sourcecode.c.h; path = Glf_ModelOfCourse.h; sourceTree = "<group>"; };
		49BEA3FB1D93F7B9001DED2E /* Glf_ModelOfCourse.m */ = {isa = PBXFileReference; fileEncoding = 4; lastKnownFileType = sourcecode.c.objc; path = Glf_ModelOfCourse.m; sourceTree = "<group>"; };
		49BEC3241D9238FC0011302E /* GeekCourse.app */ = {isa = PBXFileReference; explicitFileType = wrapper.application; includeInIndex = 0; path = GeekCourse.app; sourceTree = BUILT_PRODUCTS_DIR; };
		49BEC3281D9238FC0011302E /* main.m */ = {isa = PBXFileReference; lastKnownFileType = sourcecode.c.objc; path = main.m; sourceTree = "<group>"; };
		49BEC32A1D9238FC0011302E /* AppDelegate.h */ = {isa = PBXFileReference; lastKnownFileType = sourcecode.c.h; path = AppDelegate.h; sourceTree = "<group>"; };
		49BEC32B1D9238FC0011302E /* AppDelegate.m */ = {isa = PBXFileReference; lastKnownFileType = sourcecode.c.objc; path = AppDelegate.m; sourceTree = "<group>"; };
		49BEC3311D9238FC0011302E /* Base */ = {isa = PBXFileReference; lastKnownFileType = file.storyboard; name = Base; path = Base.lproj/Main.storyboard; sourceTree = "<group>"; };
		49BEC3331D9238FC0011302E /* Assets.xcassets */ = {isa = PBXFileReference; lastKnownFileType = folder.assetcatalog; path = Assets.xcassets; sourceTree = "<group>"; };
		49BEC3361D9238FC0011302E /* Base */ = {isa = PBXFileReference; lastKnownFileType = file.storyboard; name = Base; path = Base.lproj/LaunchScreen.storyboard; sourceTree = "<group>"; };
		49BEC3381D9238FC0011302E /* Info.plist */ = {isa = PBXFileReference; lastKnownFileType = text.plist.xml; path = Info.plist; sourceTree = "<group>"; };
		49BEC33F1D9239E30011302E /* AboutMe */ = {isa = PBXFileReference; fileEncoding = 4; lastKnownFileType = text; path = AboutMe; sourceTree = "<group>"; };
		49BEC34B1D9239F10011302E /* Glf_BaseModel.h */ = {isa = PBXFileReference; fileEncoding = 4; lastKnownFileType = sourcecode.c.h; path = Glf_BaseModel.h; sourceTree = "<group>"; };
		49BEC34C1D9239F10011302E /* Glf_BaseModel.m */ = {isa = PBXFileReference; fileEncoding = 4; lastKnownFileType = sourcecode.c.objc; path = Glf_BaseModel.m; sourceTree = "<group>"; };
		49BEC3541D9239F60011302E /* EAMacro.h */ = {isa = PBXFileReference; fileEncoding = 4; lastKnownFileType = sourcecode.c.h; path = EAMacro.h; sourceTree = "<group>"; };
		49BEC3571D9239FD0011302E /* NSArray+Categories.h */ = {isa = PBXFileReference; fileEncoding = 4; lastKnownFileType = sourcecode.c.h; path = "NSArray+Categories.h"; sourceTree = "<group>"; };
		49BEC3581D9239FD0011302E /* NSArray+Categories.m */ = {isa = PBXFileReference; fileEncoding = 4; lastKnownFileType = sourcecode.c.objc; path = "NSArray+Categories.m"; sourceTree = "<group>"; };
		49BEC3591D9239FD0011302E /* NSDate+Categories.h */ = {isa = PBXFileReference; fileEncoding = 4; lastKnownFileType = sourcecode.c.h; path = "NSDate+Categories.h"; sourceTree = "<group>"; };
		49BEC35A1D9239FD0011302E /* NSDate+Categories.m */ = {isa = PBXFileReference; fileEncoding = 4; lastKnownFileType = sourcecode.c.objc; path = "NSDate+Categories.m"; sourceTree = "<group>"; };
		49BEC35B1D9239FD0011302E /* NSDate+EasyExtend.h */ = {isa = PBXFileReference; fileEncoding = 4; lastKnownFileType = sourcecode.c.h; path = "NSDate+EasyExtend.h"; sourceTree = "<group>"; };
		49BEC35C1D9239FD0011302E /* NSDate+EasyExtend.mm */ = {isa = PBXFileReference; fileEncoding = 4; lastKnownFileType = sourcecode.cpp.objcpp; path = "NSDate+EasyExtend.mm"; sourceTree = "<group>"; };
		49BEC35D1D9239FD0011302E /* NSDictionary+Categories.h */ = {isa = PBXFileReference; fileEncoding = 4; lastKnownFileType = sourcecode.c.h; path = "NSDictionary+Categories.h"; sourceTree = "<group>"; };
		49BEC35E1D9239FD0011302E /* NSDictionary+Categories.m */ = {isa = PBXFileReference; fileEncoding = 4; lastKnownFileType = sourcecode.c.objc; path = "NSDictionary+Categories.m"; sourceTree = "<group>"; };
		49BEC35F1D9239FD0011302E /* NSNumber+Extend.h */ = {isa = PBXFileReference; fileEncoding = 4; lastKnownFileType = sourcecode.c.h; path = "NSNumber+Extend.h"; sourceTree = "<group>"; };
		49BEC3601D9239FD0011302E /* NSNumber+Extend.m */ = {isa = PBXFileReference; fileEncoding = 4; lastKnownFileType = sourcecode.c.objc; path = "NSNumber+Extend.m"; sourceTree = "<group>"; };
		49BEC3611D9239FD0011302E /* NSString+Categories.h */ = {isa = PBXFileReference; fileEncoding = 4; lastKnownFileType = sourcecode.c.h; path = "NSString+Categories.h"; sourceTree = "<group>"; };
		49BEC3621D9239FD0011302E /* NSString+Categories.m */ = {isa = PBXFileReference; fileEncoding = 4; lastKnownFileType = sourcecode.c.objc; path = "NSString+Categories.m"; sourceTree = "<group>"; };
		49BEC3631D9239FD0011302E /* NSString+Regex.h */ = {isa = PBXFileReference; fileEncoding = 4; lastKnownFileType = sourcecode.c.h; path = "NSString+Regex.h"; sourceTree = "<group>"; };
		49BEC3641D9239FD0011302E /* NSString+Regex.m */ = {isa = PBXFileReference; fileEncoding = 4; lastKnownFileType = sourcecode.c.objc; path = "NSString+Regex.m"; sourceTree = "<group>"; };
		49BEC3651D9239FD0011302E /* NSUserDefaults+Categories.h */ = {isa = PBXFileReference; fileEncoding = 4; lastKnownFileType = sourcecode.c.h; path = "NSUserDefaults+Categories.h"; sourceTree = "<group>"; };
		49BEC3661D9239FD0011302E /* NSUserDefaults+Categories.m */ = {isa = PBXFileReference; fileEncoding = 4; lastKnownFileType = sourcecode.c.objc; path = "NSUserDefaults+Categories.m"; sourceTree = "<group>"; };
		49BEC3671D9239FD0011302E /* UIButton+Block.h */ = {isa = PBXFileReference; fileEncoding = 4; lastKnownFileType = sourcecode.c.h; path = "UIButton+Block.h"; sourceTree = "<group>"; };
		49BEC3681D9239FD0011302E /* UIButton+Block.m */ = {isa = PBXFileReference; fileEncoding = 4; lastKnownFileType = sourcecode.c.objc; path = "UIButton+Block.m"; sourceTree = "<group>"; };
		49BEC3691D9239FD0011302E /* UIColor+Categories.h */ = {isa = PBXFileReference; fileEncoding = 4; lastKnownFileType = sourcecode.c.h; path = "UIColor+Categories.h"; sourceTree = "<group>"; };
		49BEC36A1D9239FD0011302E /* UIColor+Categories.m */ = {isa = PBXFileReference; fileEncoding = 4; lastKnownFileType = sourcecode.c.objc; path = "UIColor+Categories.m"; sourceTree = "<group>"; };
		49BEC36B1D9239FD0011302E /* UIImage+Categories.h */ = {isa = PBXFileReference; fileEncoding = 4; lastKnownFileType = sourcecode.c.h; path = "UIImage+Categories.h"; sourceTree = "<group>"; };
		49BEC36C1D9239FD0011302E /* UIImage+Categories.m */ = {isa = PBXFileReference; fileEncoding = 4; lastKnownFileType = sourcecode.c.objc; path = "UIImage+Categories.m"; sourceTree = "<group>"; };
		49BEC36D1D9239FD0011302E /* UIView+Frame.h */ = {isa = PBXFileReference; fileEncoding = 4; lastKnownFileType = sourcecode.c.h; path = "UIView+Frame.h"; sourceTree = "<group>"; };
		49BEC36E1D9239FD0011302E /* UIView+Frame.m */ = {isa = PBXFileReference; fileEncoding = 4; lastKnownFileType = sourcecode.c.objc; path = "UIView+Frame.m"; sourceTree = "<group>"; };
		49BEC3701D9239FD0011302E /* DataBaseManager.h */ = {isa = PBXFileReference; fileEncoding = 4; lastKnownFileType = sourcecode.c.h; path = DataBaseManager.h; sourceTree = "<group>"; };
		49BEC3711D9239FD0011302E /* DataBaseManager.m */ = {isa = PBXFileReference; fileEncoding = 4; lastKnownFileType = sourcecode.c.objc; path = DataBaseManager.m; sourceTree = "<group>"; };
		49BEC3731D9239FD0011302E /* HttpAPIConst.h */ = {isa = PBXFileReference; fileEncoding = 4; lastKnownFileType = sourcecode.c.h; path = HttpAPIConst.h; sourceTree = "<group>"; };
		49BEC3741D9239FD0011302E /* HttpClient.h */ = {isa = PBXFileReference; fileEncoding = 4; lastKnownFileType = sourcecode.c.h; path = HttpClient.h; sourceTree = "<group>"; };
		49BEC3751D9239FD0011302E /* HttpClient.m */ = {isa = PBXFileReference; fileEncoding = 4; lastKnownFileType = sourcecode.c.objc; path = HttpClient.m; sourceTree = "<group>"; };
		49BEC3771D9239FD0011302E /* AppStoreUtils.h */ = {isa = PBXFileReference; fileEncoding = 4; lastKnownFileType = sourcecode.c.h; path = AppStoreUtils.h; sourceTree = "<group>"; };
		49BEC3781D9239FD0011302E /* AppStoreUtils.m */ = {isa = PBXFileReference; fileEncoding = 4; lastKnownFileType = sourcecode.c.objc; path = AppStoreUtils.m; sourceTree = "<group>"; };
		49BEC3791D9239FD0011302E /* FileManagerUtils.h */ = {isa = PBXFileReference; fileEncoding = 4; lastKnownFileType = sourcecode.c.h; path = FileManagerUtils.h; sourceTree = "<group>"; };
		49BEC37A1D9239FD0011302E /* FileManagerUtils.m */ = {isa = PBXFileReference; fileEncoding = 4; lastKnownFileType = sourcecode.c.objc; path = FileManagerUtils.m; sourceTree = "<group>"; };
		49BEC37B1D9239FD0011302E /* NSUserDefaultsUtils.h */ = {isa = PBXFileReference; fileEncoding = 4; lastKnownFileType = sourcecode.c.h; path = NSUserDefaultsUtils.h; sourceTree = "<group>"; };
		49BEC37C1D9239FD0011302E /* NSUserDefaultsUtils.m */ = {isa = PBXFileReference; fileEncoding = 4; lastKnownFileType = sourcecode.c.objc; path = NSUserDefaultsUtils.m; sourceTree = "<group>"; };
		49BEC38F1D923B330011302E /* SystemUnit.h */ = {isa = PBXFileReference; fileEncoding = 4; lastKnownFileType = sourcecode.c.h; path = SystemUnit.h; sourceTree = "<group>"; };
		49BEC3A51D927B2E0011302E /* Glf_BaseViewController.h */ = {isa = PBXFileReference; fileEncoding = 4; lastKnownFileType = sourcecode.c.h; path = Glf_BaseViewController.h; sourceTree = "<group>"; };
		49BEC3A61D927B2E0011302E /* Glf_BaseViewController.m */ = {isa = PBXFileReference; fileEncoding = 4; lastKnownFileType = sourcecode.c.objc; path = Glf_BaseViewController.m; sourceTree = "<group>"; };
		49BEC3B41D927C8F0011302E /* Glf_GuideViewController.h */ = {isa = PBXFileReference; fileEncoding = 4; lastKnownFileType = sourcecode.c.h; path = Glf_GuideViewController.h; sourceTree = "<group>"; };
		49BEC3B51D927C8F0011302E /* Glf_GuideViewController.m */ = {isa = PBXFileReference; fileEncoding = 4; lastKnownFileType = sourcecode.c.objc; path = Glf_GuideViewController.m; sourceTree = "<group>"; };
		49BEC3B71D927CA20011302E /* Glf_CourseViewController.h */ = {isa = PBXFileReference; fileEncoding = 4; lastKnownFileType = sourcecode.c.h; path = Glf_CourseViewController.h; sourceTree = "<group>"; };
		49BEC3B81D927CA20011302E /* Glf_CourseViewController.m */ = {isa = PBXFileReference; fileEncoding = 4; lastKnownFileType = sourcecode.c.objc; path = Glf_CourseViewController.m; sourceTree = "<group>"; };
		49BEC3BB1D9289EC0011302E /* Glf_DownloadViewController.h */ = {isa = PBXFileReference; fileEncoding = 4; lastKnownFileType = sourcecode.c.h; path = Glf_DownloadViewController.h; sourceTree = "<group>"; };
		49BEC3BC1D9289EC0011302E /* Glf_DownloadViewController.m */ = {isa = PBXFileReference; fileEncoding = 4; lastKnownFileType = sourcecode.c.objc; path = Glf_DownloadViewController.m; sourceTree = "<group>"; };
		49BEC3C11D928A2B0011302E /* Glf_DiscoverViewController.h */ = {isa = PBXFileReference; fileEncoding = 4; lastKnownFileType = sourcecode.c.h; path = Glf_DiscoverViewController.h; sourceTree = "<group>"; };
		49BEC3C21D928A2B0011302E /* Glf_DiscoverViewController.m */ = {isa = PBXFileReference; fileEncoding = 4; lastKnownFileType = sourcecode.c.objc; path = Glf_DiscoverViewController.m; sourceTree = "<group>"; };
		49BEC3C71D928A530011302E /* Glf_MineViewController.h */ = {isa = PBXFileReference; fileEncoding = 4; lastKnownFileType = sourcecode.c.h; path = Glf_MineViewController.h; sourceTree = "<group>"; };
		49BEC3C81D928A530011302E /* Glf_MineViewController.m */ = {isa = PBXFileReference; fileEncoding = 4; lastKnownFileType = sourcecode.c.objc; path = Glf_MineViewController.m; sourceTree = "<group>"; };
		49BEC3CC1D928F1A0011302E /* Glf_TabBarViewController.h */ = {isa = PBXFileReference; fileEncoding = 4; lastKnownFileType = sourcecode.c.h; path = Glf_TabBarViewController.h; sourceTree = "<group>"; };
		49BEC3CD1D928F1A0011302E /* Glf_TabBarViewController.m */ = {isa = PBXFileReference; fileEncoding = 4; lastKnownFileType = sourcecode.c.objc; path = Glf_TabBarViewController.m; sourceTree = "<group>"; };
		49DC1AFF1D9A1A5600476592 /* Glf_PractiseCollectionViewCell.h */ = {isa = PBXFileReference; fileEncoding = 4; lastKnownFileType = sourcecode.c.h; name = Glf_PractiseCollectionViewCell.h; path = GeekCourse/Modules/Course/CoursesPrsctise/Glf_PractiseCollectionViewCell.h; sourceTree = SOURCE_ROOT; };
		49DC1B001D9A1A5600476592 /* Glf_PractiseCollectionViewCell.m */ = {isa = PBXFileReference; fileEncoding = 4; lastKnownFileType = sourcecode.c.objc; name = Glf_PractiseCollectionViewCell.m; path = GeekCourse/Modules/Course/CoursesPrsctise/Glf_PractiseCollectionViewCell.m; sourceTree = SOURCE_ROOT; };
		49DC1B2A1D9A711800476592 /* Glf_JobHuntingModel.h */ = {isa = PBXFileReference; fileEncoding = 4; lastKnownFileType = sourcecode.c.h; name = Glf_JobHuntingModel.h; path = GeekCourse/Modules/Course/CoursesJobHunting/Glf_JobHuntingModel.h; sourceTree = SOURCE_ROOT; };
		49DC1B2B1D9A711800476592 /* Glf_JobHuntingModel.m */ = {isa = PBXFileReference; fileEncoding = 4; lastKnownFileType = sourcecode.c.objc; name = Glf_JobHuntingModel.m; path = GeekCourse/Modules/Course/CoursesJobHunting/Glf_JobHuntingModel.m; sourceTree = SOURCE_ROOT; };
		49DC1B301D9A9DFE00476592 /* Glf_UpCollectionViewCell.h */ = {isa = PBXFileReference; fileEncoding = 4; lastKnownFileType = sourcecode.c.h; name = Glf_UpCollectionViewCell.h; path = GeekCourse/Modules/Course/CoursesJobHunting/Glf_UpCollectionViewCell.h; sourceTree = SOURCE_ROOT; };
		49DC1B311D9A9DFE00476592 /* Glf_UpCollectionViewCell.m */ = {isa = PBXFileReference; fileEncoding = 4; lastKnownFileType = sourcecode.c.objc; name = Glf_UpCollectionViewCell.m; path = GeekCourse/Modules/Course/CoursesJobHunting/Glf_UpCollectionViewCell.m; sourceTree = SOURCE_ROOT; };
		49E189D01D962A49004A1706 /* Glf_BaseView.h */ = {isa = PBXFileReference; fileEncoding = 4; lastKnownFileType = sourcecode.c.h; path = Glf_BaseView.h; sourceTree = "<group>"; };
		49E189D11D962A49004A1706 /* Glf_BaseView.m */ = {isa = PBXFileReference; fileEncoding = 4; lastKnownFileType = sourcecode.c.objc; path = Glf_BaseView.m; sourceTree = "<group>"; };
		49E3AFC11D97A1B400DA29DF /* Glf_HistoryViewController.h */ = {isa = PBXFileReference; fileEncoding = 4; lastKnownFileType = sourcecode.c.h; path = Glf_HistoryViewController.h; sourceTree = "<group>"; };
		49E3AFC21D97A1B400DA29DF /* Glf_HistoryViewController.m */ = {isa = PBXFileReference; fileEncoding = 4; lastKnownFileType = sourcecode.c.objc; path = Glf_HistoryViewController.m; sourceTree = "<group>"; };
		49E3AFC41D97A22100DA29DF /* Glf_CourseCatagoryViewController.h */ = {isa = PBXFileReference; fileEncoding = 4; lastKnownFileType = sourcecode.c.h; path = Glf_CourseCatagoryViewController.h; sourceTree = "<group>"; };
		49E3AFC51D97A22100DA29DF /* Glf_CourseCatagoryViewController.m */ = {isa = PBXFileReference; fileEncoding = 4; lastKnownFileType = sourcecode.c.objc; path = Glf_CourseCatagoryViewController.m; sourceTree = "<group>"; };
		49E3AFC71D97A32900DA29DF /* Glf_CategroiesModel.h */ = {isa = PBXFileReference; fileEncoding = 4; lastKnownFileType = sourcecode.c.h; path = Glf_CategroiesModel.h; sourceTree = "<group>"; };
		49E3AFC81D97A32900DA29DF /* Glf_CategroiesModel.m */ = {isa = PBXFileReference; fileEncoding = 4; lastKnownFileType = sourcecode.c.objc; path = Glf_CategroiesModel.m; sourceTree = "<group>"; };
		49E3AFCA1D97A34900DA29DF /* Glf_SkillModel.h */ = {isa = PBXFileReference; fileEncoding = 4; lastKnownFileType = sourcecode.c.h; path = Glf_SkillModel.h; sourceTree = "<group>"; };
		49E3AFCB1D97A34900DA29DF /* Glf_SkillModel.m */ = {isa = PBXFileReference; fileEncoding = 4; lastKnownFileType = sourcecode.c.objc; path = Glf_SkillModel.m; sourceTree = "<group>"; };
		49E3AFCD1D97A6B700DA29DF /* Glf_CoursesCollectionReusableView.h */ = {isa = PBXFileReference; fileEncoding = 4; lastKnownFileType = sourcecode.c.h; path = Glf_CoursesCollectionReusableView.h; sourceTree = "<group>"; };
		49E3AFCE1D97A6B700DA29DF /* Glf_CoursesCollectionReusableView.m */ = {isa = PBXFileReference; fileEncoding = 4; lastKnownFileType = sourcecode.c.objc; path = Glf_CoursesCollectionReusableView.m; sourceTree = "<group>"; };
		49E3AFD01D97A7BA00DA29DF /* Glf_CourseCategoryCollectionViewCell.h */ = {isa = PBXFileReference; fileEncoding = 4; lastKnownFileType = sourcecode.c.h; path = Glf_CourseCategoryCollectionViewCell.h; sourceTree = "<group>"; };
		49E3AFD11D97A7BA00DA29DF /* Glf_CourseCategoryCollectionViewCell.m */ = {isa = PBXFileReference; fileEncoding = 4; lastKnownFileType = sourcecode.c.objc; path = Glf_CourseCategoryCollectionViewCell.m; sourceTree = "<group>"; };
		49E3FE871D98C30C00036DF5 /* Glf_SalaryRaiseHeaderCollectionViewCell.h */ = {isa = PBXFileReference; fileEncoding = 4; lastKnownFileType = sourcecode.c.h; path = Glf_SalaryRaiseHeaderCollectionViewCell.h; sourceTree = "<group>"; };
		49E3FE881D98C30C00036DF5 /* Glf_SalaryRaiseHeaderCollectionViewCell.m */ = {isa = PBXFileReference; fileEncoding = 4; lastKnownFileType = sourcecode.c.objc; path = Glf_SalaryRaiseHeaderCollectionViewCell.m; sourceTree = "<group>"; };
		49E3FE8A1D98D3CE00036DF5 /* LF_PrefixHeader.pch */ = {isa = PBXFileReference; lastKnownFileType = sourcecode.c.h; path = LF_PrefixHeader.pch; sourceTree = "<group>"; };
		49E3FEC71D9936F200036DF5 /* Glf_UpLayerCollectionViewCell.h */ = {isa = PBXFileReference; fileEncoding = 4; lastKnownFileType = sourcecode.c.h; path = Glf_UpLayerCollectionViewCell.h; sourceTree = "<group>"; };
		49E3FEC81D9936F200036DF5 /* Glf_UpLayerCollectionViewCell.m */ = {isa = PBXFileReference; fileEncoding = 4; lastKnownFileType = sourcecode.c.objc; path = Glf_UpLayerCollectionViewCell.m; sourceTree = "<group>"; };
		49E3FECA1D99668000036DF5 /* Glf_SalaryCollectionViewCell.h */ = {isa = PBXFileReference; fileEncoding = 4; lastKnownFileType = sourcecode.c.h; path = Glf_SalaryCollectionViewCell.h; sourceTree = "<group>"; };
		49E3FECB1D99668000036DF5 /* Glf_SalaryCollectionViewCell.m */ = {isa = PBXFileReference; fileEncoding = 4; lastKnownFileType = sourcecode.c.objc; path = Glf_SalaryCollectionViewCell.m; sourceTree = "<group>"; };
		A7DD935470ECFDE9EE80DC31 /* Pods-GeekCourse.debug.xcconfig */ = {isa = PBXFileReference; includeInIndex = 1; lastKnownFileType = text.xcconfig; name = "Pods-GeekCourse.debug.xcconfig"; path = "Pods/Target Support Files/Pods-GeekCourse/Pods-GeekCourse.debug.xcconfig"; sourceTree = "<group>"; };
		C26F2FEB746A615176913B11 /* Pods-GeekCourse.release.xcconfig */ = {isa = PBXFileReference; includeInIndex = 1; lastKnownFileType = text.xcconfig; name = "Pods-GeekCourse.release.xcconfig"; path = "Pods/Target Support Files/Pods-GeekCourse/Pods-GeekCourse.release.xcconfig"; sourceTree = "<group>"; };
/* End PBXFileReference section */

/* Begin PBXFrameworksBuildPhase section */
		49BEC3211D9238FC0011302E /* Frameworks */ = {
			isa = PBXFrameworksBuildPhase;
			buildActionMask = 2147483647;
			files = (
				7EDE260FEE911A1B94C954B9 /* libPods-GeekCourse.a in Frameworks */,
			);
			runOnlyForDeploymentPostprocessing = 0;
		};
/* End PBXFrameworksBuildPhase section */

/* Begin PBXGroup section */
		29A44834C5C900B14B494B21 /* Frameworks */ = {
			isa = PBXGroup;
			children = (
				1D1201F1BEC3600C670E7C7D /* libPods-GeekCourse.a */,
			);
			name = Frameworks;
			sourceTree = "<group>";
		};
		49913E091D98063F00C436EC /* CustomizedCourses */ = {
			isa = PBXGroup;
			children = (
				49913E0A1D98065D00C436EC /* Controller */,
				49913E0B1D98066500C436EC /* Model */,
				49913E0C1D98066D00C436EC /* View */,
			);
			path = CustomizedCourses;
			sourceTree = "<group>";
		};
		49913E0A1D98065D00C436EC /* Controller */ = {
			isa = PBXGroup;
			children = (
				49913E0D1D98068600C436EC /* Glf_CustomizedCoursesViewController.h */,
				49913E0E1D98068600C436EC /* Glf_CustomizedCoursesViewController.m */,
			);
			path = Controller;
			sourceTree = "<group>";
		};
		49913E0B1D98066500C436EC /* Model */ = {
			isa = PBXGroup;
			children = (
			);
			path = Model;
			sourceTree = "<group>";
		};
		49913E0C1D98066D00C436EC /* View */ = {
			isa = PBXGroup;
			children = (
			);
			path = View;
			sourceTree = "<group>";
		};
		49913E101D98072C00C436EC /* SearchCourses */ = {
			isa = PBXGroup;
			children = (
				49913E111D98073A00C436EC /* Controller */,
				49913E131D98074700C436EC /* Model */,
				49913E121D98074200C436EC /* View */,
			);
			path = SearchCourses;
			sourceTree = "<group>";
		};
		49913E111D98073A00C436EC /* Controller */ = {
			isa = PBXGroup;
			children = (
				49913E1A1D9807E800C436EC /* Glf_SearchCoursesViewController.h */,
				49913E1B1D9807E800C436EC /* Glf_SearchCoursesViewController.m */,
			);
			path = Controller;
			sourceTree = "<group>";
		};
		49913E121D98074200C436EC /* View */ = {
			isa = PBXGroup;
			children = (
			);
			path = View;
			sourceTree = "<group>";
		};
		49913E131D98074700C436EC /* Model */ = {
			isa = PBXGroup;
			children = (
			);
			path = Model;
			sourceTree = "<group>";
		};
		49913E151D98077D00C436EC /* Scanning */ = {
			isa = PBXGroup;
			children = (
				49913E161D98079C00C436EC /* Controller */,
			);
			path = Scanning;
			sourceTree = "<group>";
		};
		49913E161D98079C00C436EC /* Controller */ = {
			isa = PBXGroup;
			children = (
				49913E171D9807CD00C436EC /* Glf_ScanViewController.h */,
				49913E181D9807CD00C436EC /* Glf_ScanViewController.m */,
			);
			path = Controller;
			sourceTree = "<group>";
		};
		49BEC31B1D9238FC0011302E = {
			isa = PBXGroup;
			children = (
				29A44834C5C900B14B494B21 /* Frameworks */,
				49BEC3261D9238FC0011302E /* GeekCourse */,
				5042E664FF8425CE58C016E7 /* Pods */,
				49BEC3251D9238FC0011302E /* Products */,
			);
			sourceTree = "<group>";
		};
		49BEC3251D9238FC0011302E /* Products */ = {
			isa = PBXGroup;
			children = (
				49BEC3241D9238FC0011302E /* GeekCourse.app */,
			);
			name = Products;
			sourceTree = "<group>";
		};
		49BEC3261D9238FC0011302E /* GeekCourse */ = {
			isa = PBXGroup;
			children = (
				49BEC3461D9239F10011302E /* Base */,
				49BEC3551D9239FD0011302E /* Common */,
				49BEC3531D9239F60011302E /* Macro */,
				49BEC3411D9239EC0011302E /* Modules */,
				49BEC33E1D9239E30011302E /* Resourses */,
				49BEC3271D9238FC0011302E /* Supporting Files */,
				49BEC32A1D9238FC0011302E /* AppDelegate.h */,
				49BEC32B1D9238FC0011302E /* AppDelegate.m */,
				49BEC3331D9238FC0011302E /* Assets.xcassets */,
				49BEC3381D9238FC0011302E /* Info.plist */,
				49BEC3351D9238FC0011302E /* LaunchScreen.storyboard */,
				49BEC3301D9238FC0011302E /* Main.storyboard */,
			);
			path = GeekCourse;
			sourceTree = "<group>";
		};
		49BEC3271D9238FC0011302E /* Supporting Files */ = {
			isa = PBXGroup;
			children = (
				49E3FE8A1D98D3CE00036DF5 /* LF_PrefixHeader.pch */,
				49BEC3281D9238FC0011302E /* main.m */,
			);
			path = "Supporting Files";
			sourceTree = "<group>";
		};
		49BEC33E1D9239E30011302E /* Resourses */ = {
			isa = PBXGroup;
			children = (
				49BEC33F1D9239E30011302E /* AboutMe */,
			);
			path = Resourses;
			sourceTree = "<group>";
		};
		49BEC3411D9239EC0011302E /* Modules */ = {
			isa = PBXGroup;
			children = (
				49BEC39D1D92766C0011302E /* Course */,
				49BEC3431D9239EC0011302E /* Discover */,
				49BEC3901D923B6F0011302E /* Download */,
				49BEC3921D9275210011302E /* GuidePage */,
				49BEC3441D9239EC0011302E /* LoginAndRegister */,
				49BEC3451D9239EC0011302E /* Mine */,
				49BEC3CA1D928EFA0011302E /* TabBar */,
			);
			path = Modules;
			sourceTree = "<group>";
		};
		49BEC3431D9239EC0011302E /* Discover */ = {
			isa = PBXGroup;
			children = (
				49BEC3BE1D928A020011302E /* Controller */,
				49BEC3C01D928A160011302E /* Model */,
				49BEC3BF1D928A0F0011302E /* View */,
			);
			path = Discover;
			sourceTree = "<group>";
		};
		49BEC3441D9239EC0011302E /* LoginAndRegister */ = {
			isa = PBXGroup;
			children = (
			);
			path = LoginAndRegister;
			sourceTree = "<group>";
		};
		49BEC3451D9239EC0011302E /* Mine */ = {
			isa = PBXGroup;
			children = (
				49BEC3C41D928A340011302E /* Controller */,
				49BEC3C61D928A450011302E /* Model */,
				49BEC3C51D928A400011302E /* View */,
			);
			path = Mine;
			sourceTree = "<group>";
		};
		49BEC3461D9239F10011302E /* Base */ = {
			isa = PBXGroup;
			children = (
				49BEC3A41D927AB60011302E /* Controller */,
				49BEC34A1D9239F10011302E /* Model */,
				49BEC34D1D9239F10011302E /* View */,
			);
			path = Base;
			sourceTree = "<group>";
		};
		49BEC34A1D9239F10011302E /* Model */ = {
			isa = PBXGroup;
			children = (
				49BEC34B1D9239F10011302E /* Glf_BaseModel.h */,
				49BEC34C1D9239F10011302E /* Glf_BaseModel.m */,
			);
			path = Model;
			sourceTree = "<group>";
		};
		49BEC34D1D9239F10011302E /* View */ = {
			isa = PBXGroup;
			children = (
				49E189D01D962A49004A1706 /* Glf_BaseView.h */,
				49E189D11D962A49004A1706 /* Glf_BaseView.m */,
			);
			path = View;
			sourceTree = "<group>";
		};
		49BEC3531D9239F60011302E /* Macro */ = {
			isa = PBXGroup;
			children = (
				49BEC3541D9239F60011302E /* EAMacro.h */,
			);
			path = Macro;
			sourceTree = "<group>";
		};
		49BEC3551D9239FD0011302E /* Common */ = {
			isa = PBXGroup;
			children = (
				49BEC3561D9239FD0011302E /* Categories */,
				49BEC36F1D9239FD0011302E /* DataBase */,
				49BEC3721D9239FD0011302E /* HttpClient */,
				49BEC3761D9239FD0011302E /* Util */,
			);
			path = Common;
			sourceTree = "<group>";
		};
		49BEC3561D9239FD0011302E /* Categories */ = {
			isa = PBXGroup;
			children = (
				49BEC3571D9239FD0011302E /* NSArray+Categories.h */,
				49BEC3581D9239FD0011302E /* NSArray+Categories.m */,
				49BEC3591D9239FD0011302E /* NSDate+Categories.h */,
				49BEC35A1D9239FD0011302E /* NSDate+Categories.m */,
				49BEC35B1D9239FD0011302E /* NSDate+EasyExtend.h */,
				49BEC35C1D9239FD0011302E /* NSDate+EasyExtend.mm */,
				49BEC35D1D9239FD0011302E /* NSDictionary+Categories.h */,
				49BEC35E1D9239FD0011302E /* NSDictionary+Categories.m */,
				49BEC35F1D9239FD0011302E /* NSNumber+Extend.h */,
				49BEC3601D9239FD0011302E /* NSNumber+Extend.m */,
				49BEC3611D9239FD0011302E /* NSString+Categories.h */,
				49BEC3621D9239FD0011302E /* NSString+Categories.m */,
				49BEC3631D9239FD0011302E /* NSString+Regex.h */,
				49BEC3641D9239FD0011302E /* NSString+Regex.m */,
				49BEC3651D9239FD0011302E /* NSUserDefaults+Categories.h */,
				49BEC3661D9239FD0011302E /* NSUserDefaults+Categories.m */,
				49BEC3671D9239FD0011302E /* UIButton+Block.h */,
				49BEC3681D9239FD0011302E /* UIButton+Block.m */,
				49BEC3691D9239FD0011302E /* UIColor+Categories.h */,
				49BEC36A1D9239FD0011302E /* UIColor+Categories.m */,
				49BEC36B1D9239FD0011302E /* UIImage+Categories.h */,
				49BEC36C1D9239FD0011302E /* UIImage+Categories.m */,
				49BEC36D1D9239FD0011302E /* UIView+Frame.h */,
				49BEC36E1D9239FD0011302E /* UIView+Frame.m */,
			);
			path = Categories;
			sourceTree = "<group>";
		};
		49BEC36F1D9239FD0011302E /* DataBase */ = {
			isa = PBXGroup;
			children = (
				49BEC3701D9239FD0011302E /* DataBaseManager.h */,
				49BEC3711D9239FD0011302E /* DataBaseManager.m */,
			);
			path = DataBase;
			sourceTree = "<group>";
		};
		49BEC3721D9239FD0011302E /* HttpClient */ = {
			isa = PBXGroup;
			children = (
				49BEC3731D9239FD0011302E /* HttpAPIConst.h */,
				49BEC3741D9239FD0011302E /* HttpClient.h */,
				49BEC3751D9239FD0011302E /* HttpClient.m */,
			);
			path = HttpClient;
			sourceTree = "<group>";
		};
		49BEC3761D9239FD0011302E /* Util */ = {
			isa = PBXGroup;
			children = (
				49BEC3771D9239FD0011302E /* AppStoreUtils.h */,
				49BEC3781D9239FD0011302E /* AppStoreUtils.m */,
				49BEC3791D9239FD0011302E /* FileManagerUtils.h */,
				49BEC37A1D9239FD0011302E /* FileManagerUtils.m */,
				49BEC37B1D9239FD0011302E /* NSUserDefaultsUtils.h */,
				49BEC37C1D9239FD0011302E /* NSUserDefaultsUtils.m */,
				49BEC38F1D923B330011302E /* SystemUnit.h */,
			);
			path = Util;
			sourceTree = "<group>";
		};
		49BEC3901D923B6F0011302E /* Download */ = {
			isa = PBXGroup;
			children = (
				49BEC3BA1D9289DD0011302E /* Controller */,
			);
			path = Download;
			sourceTree = "<group>";
		};
		49BEC3921D9275210011302E /* GuidePage */ = {
			isa = PBXGroup;
			children = (
				49BEC3931D92754B0011302E /* Controller */,
			);
			path = GuidePage;
			sourceTree = "<group>";
		};
		49BEC3931D92754B0011302E /* Controller */ = {
			isa = PBXGroup;
			children = (
				49BEC3B41D927C8F0011302E /* Glf_GuideViewController.h */,
				49BEC3B51D927C8F0011302E /* Glf_GuideViewController.m */,
			);
			path = Controller;
			sourceTree = "<group>";
		};
		49BEC39D1D92766C0011302E /* Course */ = {
			isa = PBXGroup;
			children = (
				49E189E91D96B7FA004A1706 /* CorusesHistory */,
				49E189E81D96B7DF004A1706 /* CoursesCategory */,
				49E189EB1D96B88C004A1706 /* CoursesJobHunting */,
				49E189EA1D96B82B004A1706 /* CoursesPrsctise */,
				49E189EC1D96B8A2004A1706 /* CoursesSalaryRaise */,
				49913E091D98063F00C436EC /* CustomizedCourses */,
				49E189F01D96BAD9004A1706 /* Root */,
				49913E151D98077D00C436EC /* Scanning */,
				49913E101D98072C00C436EC /* SearchCourses */,
			);
			path = Course;
			sourceTree = "<group>";
		};
		49BEC39E1D9276770011302E /* Controller */ = {
			isa = PBXGroup;
			children = (
				49BEC3B71D927CA20011302E /* Glf_CourseViewController.h */,
				49BEC3B81D927CA20011302E /* Glf_CourseViewController.m */,
			);
			path = Controller;
			sourceTree = "<group>";
		};
		49BEC39F1D92767E0011302E /* View */ = {
			isa = PBXGroup;
			children = (
				4994FCBD1D954C1500673F17 /* Glf_MyTableViewCell.h */,
				4994FCBE1D954C1500673F17 /* Glf_MyTableViewCell.m */,
			);
			path = View;
			sourceTree = "<group>";
		};
		49BEC3A01D9276860011302E /* Model */ = {
			isa = PBXGroup;
			children = (
				49BEA3FA1D93F7B9001DED2E /* Glf_ModelOfCourse.h */,
				49BEA3FB1D93F7B9001DED2E /* Glf_ModelOfCourse.m */,
			);
			path = Model;
			sourceTree = "<group>";
		};
		49BEC3A41D927AB60011302E /* Controller */ = {
			isa = PBXGroup;
			children = (
				49BEC3A51D927B2E0011302E /* Glf_BaseViewController.h */,
				49BEC3A61D927B2E0011302E /* Glf_BaseViewController.m */,
			);
			path = Controller;
			sourceTree = "<group>";
		};
		49BEC3BA1D9289DD0011302E /* Controller */ = {
			isa = PBXGroup;
			children = (
				49BEC3BB1D9289EC0011302E /* Glf_DownloadViewController.h */,
				49BEC3BC1D9289EC0011302E /* Glf_DownloadViewController.m */,
			);
			path = Controller;
			sourceTree = "<group>";
		};
		49BEC3BE1D928A020011302E /* Controller */ = {
			isa = PBXGroup;
			children = (
				49BEC3C11D928A2B0011302E /* Glf_DiscoverViewController.h */,
				49BEC3C21D928A2B0011302E /* Glf_DiscoverViewController.m */,
			);
			path = Controller;
			sourceTree = "<group>";
		};
		49BEC3BF1D928A0F0011302E /* View */ = {
			isa = PBXGroup;
			children = (
			);
			path = View;
			sourceTree = "<group>";
		};
		49BEC3C01D928A160011302E /* Model */ = {
			isa = PBXGroup;
			children = (
			);
			path = Model;
			sourceTree = "<group>";
		};
		49BEC3C41D928A340011302E /* Controller */ = {
			isa = PBXGroup;
			children = (
				49BEC3C71D928A530011302E /* Glf_MineViewController.h */,
				49BEC3C81D928A530011302E /* Glf_MineViewController.m */,
			);
			path = Controller;
			sourceTree = "<group>";
		};
		49BEC3C51D928A400011302E /* View */ = {
			isa = PBXGroup;
			children = (
			);
			path = View;
			sourceTree = "<group>";
		};
		49BEC3C61D928A450011302E /* Model */ = {
			isa = PBXGroup;
			children = (
			);
			path = Model;
			sourceTree = "<group>";
		};
		49BEC3CA1D928EFA0011302E /* TabBar */ = {
			isa = PBXGroup;
			children = (
				49BEC3CB1D928F0B0011302E /* Controller */,
			);
			path = TabBar;
			sourceTree = "<group>";
		};
		49BEC3CB1D928F0B0011302E /* Controller */ = {
			isa = PBXGroup;
			children = (
				49BEC3CC1D928F1A0011302E /* Glf_TabBarViewController.h */,
				49BEC3CD1D928F1A0011302E /* Glf_TabBarViewController.m */,
			);
			path = Controller;
			sourceTree = "<group>";
		};
		49E189E81D96B7DF004A1706 /* CoursesCategory */ = {
			isa = PBXGroup;
			children = (
				49E189ED1D96B8F0004A1706 /* Controller */,
				49E189EE1D96B901004A1706 /* Model */,
				49E189EF1D96B90D004A1706 /* View */,
			);
			path = CoursesCategory;
			sourceTree = "<group>";
		};
		49E189E91D96B7FA004A1706 /* CorusesHistory */ = {
			isa = PBXGroup;
			children = (
				49E3AFBD1D97A16700DA29DF /* Controller */,
				49E3AFC01D97A18600DA29DF /* Model */,
				49E3AFBF1D97A17F00DA29DF /* View */,
			);
			path = CorusesHistory;
			sourceTree = "<group>";
		};
		49E189EA1D96B82B004A1706 /* CoursesPrsctise */ = {
			isa = PBXGroup;
			children = (
				49E3AFD81D97AA0D00DA29DF /* Controller */,
				49E3AFD71D97AA0000DA29DF /* Model */,
				49E3AFD61D97A9F600DA29DF /* View */,
			);
			path = CoursesPrsctise;
			sourceTree = "<group>";
		};
		49E189EB1D96B88C004A1706 /* CoursesJobHunting */ = {
			isa = PBXGroup;
			children = (
				49E3AFD41D97A9E500DA29DF /* Controller */,
				49E3AFD51D97A9ED00DA29DF /* Model */,
				49E3AFD31D97A9DE00DA29DF /* View */,
			);
			path = CoursesJobHunting;
			sourceTree = "<group>";
		};
		49E189EC1D96B8A2004A1706 /* CoursesSalaryRaise */ = {
			isa = PBXGroup;
			children = (
				49E3AFD91D97AA1500DA29DF /* Controller */,
				49E3AFDB1D97AA2200DA29DF /* Model */,
				49E3AFDA1D97AA1C00DA29DF /* View */,
			);
			path = CoursesSalaryRaise;
			sourceTree = "<group>";
		};
		49E189ED1D96B8F0004A1706 /* Controller */ = {
			isa = PBXGroup;
			children = (
				49E3AFC41D97A22100DA29DF /* Glf_CourseCatagoryViewController.h */,
				49E3AFC51D97A22100DA29DF /* Glf_CourseCatagoryViewController.m */,
			);
			path = Controller;
			sourceTree = "<group>";
		};
		49E189EE1D96B901004A1706 /* Model */ = {
			isa = PBXGroup;
			children = (
				49E3AFC71D97A32900DA29DF /* Glf_CategroiesModel.h */,
				49E3AFC81D97A32900DA29DF /* Glf_CategroiesModel.m */,
				49E3AFCA1D97A34900DA29DF /* Glf_SkillModel.h */,
				49E3AFCB1D97A34900DA29DF /* Glf_SkillModel.m */,
			);
			path = Model;
			sourceTree = "<group>";
		};
		49E189EF1D96B90D004A1706 /* View */ = {
			isa = PBXGroup;
			children = (
				49E3AFD01D97A7BA00DA29DF /* Glf_CourseCategoryCollectionViewCell.h */,
				49E3AFD11D97A7BA00DA29DF /* Glf_CourseCategoryCollectionViewCell.m */,
				49E3AFCD1D97A6B700DA29DF /* Glf_CoursesCollectionReusableView.h */,
				49E3AFCE1D97A6B700DA29DF /* Glf_CoursesCollectionReusableView.m */,
			);
			path = View;
			sourceTree = "<group>";
		};
		49E189F01D96BAD9004A1706 /* Root */ = {
			isa = PBXGroup;
			children = (
				49BEC39E1D9276770011302E /* Controller */,
				49BEC3A01D9276860011302E /* Model */,
				49BEC39F1D92767E0011302E /* View */,
			);
			path = Root;
			sourceTree = "<group>";
		};
		49E3AFBD1D97A16700DA29DF /* Controller */ = {
			isa = PBXGroup;
			children = (
				49E3AFC11D97A1B400DA29DF /* Glf_HistoryViewController.h */,
				49E3AFC21D97A1B400DA29DF /* Glf_HistoryViewController.m */,
			);
			path = Controller;
			sourceTree = "<group>";
		};
		49E3AFBF1D97A17F00DA29DF /* View */ = {
			isa = PBXGroup;
			children = (
			);
			path = View;
			sourceTree = "<group>";
		};
		49E3AFC01D97A18600DA29DF /* Model */ = {
			isa = PBXGroup;
			children = (
			);
			path = Model;
			sourceTree = "<group>";
		};
		49E3AFD31D97A9DE00DA29DF /* View */ = {
			isa = PBXGroup;
			children = (
				49DC1B301D9A9DFE00476592 /* Glf_UpCollectionViewCell.h */,
				49DC1B311D9A9DFE00476592 /* Glf_UpCollectionViewCell.m */,
			);
			path = View;
			sourceTree = "<group>";
		};
		49E3AFD41D97A9E500DA29DF /* Controller */ = {
			isa = PBXGroup;
			children = (
				49913E061D9805B700C436EC /* Glf_JobHuntingViewController.h */,
				49913E071D9805B700C436EC /* Glf_JobHuntingViewController.m */,
			);
			path = Controller;
			sourceTree = "<group>";
		};
		49E3AFD51D97A9ED00DA29DF /* Model */ = {
			isa = PBXGroup;
			children = (
				49DC1B2A1D9A711800476592 /* Glf_JobHuntingModel.h */,
				49DC1B2B1D9A711800476592 /* Glf_JobHuntingModel.m */,
			);
			path = Model;
			sourceTree = "<group>";
		};
		49E3AFD61D97A9F600DA29DF /* View */ = {
			isa = PBXGroup;
			children = (
				49DC1AFF1D9A1A5600476592 /* Glf_PractiseCollectionViewCell.h */,
				49DC1B001D9A1A5600476592 /* Glf_PractiseCollectionViewCell.m */,
			);
			path = View;
			sourceTree = "<group>";
		};
		49E3AFD71D97AA0000DA29DF /* Model */ = {
			isa = PBXGroup;
			children = (
				49913E031D9804F200C436EC /* Glf_PractiseModel.h */,
				49913E041D9804F200C436EC /* Glf_PractiseModel.m */,
			);
			path = Model;
			sourceTree = "<group>";
		};
		49E3AFD81D97AA0D00DA29DF /* Controller */ = {
			isa = PBXGroup;
			children = (
				49913E001D9804DA00C436EC /* Glf_PractiseViewController.h */,
				49913E011D9804DA00C436EC /* Glf_PractiseViewController.m */,
			);
			path = Controller;
			sourceTree = "<group>";
		};
		49E3AFD91D97AA1500DA29DF /* Controller */ = {
			isa = PBXGroup;
			children = (
				49913DFA1D98038700C436EC /* Glf_SalaryRaiseViewController.h */,
				49913DFB1D98038700C436EC /* Glf_SalaryRaiseViewController.m */,
			);
			path = Controller;
			sourceTree = "<group>";
		};
		49E3AFDA1D97AA1C00DA29DF /* View */ = {
			isa = PBXGroup;
			children = (
				49E3FE871D98C30C00036DF5 /* Glf_SalaryRaiseHeaderCollectionViewCell.h */,
				49E3FE881D98C30C00036DF5 /* Glf_SalaryRaiseHeaderCollectionViewCell.m */,
				49E3FECA1D99668000036DF5 /* Glf_SalaryCollectionViewCell.h */,
				49E3FECB1D99668000036DF5 /* Glf_SalaryCollectionViewCell.m */,
				49E3FEC71D9936F200036DF5 /* Glf_UpLayerCollectionViewCell.h */,
				49E3FEC81D9936F200036DF5 /* Glf_UpLayerCollectionViewCell.m */,
			);
			path = View;
			sourceTree = "<group>";
		};
		49E3AFDB1D97AA2200DA29DF /* Model */ = {
			isa = PBXGroup;
			children = (
				49913DFD1D9803C600C436EC /* Glf_SalaryRaiseModel.h */,
				49913DFE1D9803C600C436EC /* Glf_SalaryRaiseModel.m */,
			);
			path = Model;
			sourceTree = "<group>";
		};
		5042E664FF8425CE58C016E7 /* Pods */ = {
			isa = PBXGroup;
			children = (
				A7DD935470ECFDE9EE80DC31 /* Pods-GeekCourse.debug.xcconfig */,
				C26F2FEB746A615176913B11 /* Pods-GeekCourse.release.xcconfig */,
			);
			name = Pods;
			sourceTree = "<group>";
		};
/* End PBXGroup section */

/* Begin PBXNativeTarget section */
		49BEC3231D9238FC0011302E /* GeekCourse */ = {
			isa = PBXNativeTarget;
			buildConfigurationList = 49BEC33B1D9238FC0011302E /* Build configuration list for PBXNativeTarget "GeekCourse" */;
			buildPhases = (
				639247E1089A31D9700B87F6 /* [CP] Check Pods Manifest.lock */,
				49BEC3201D9238FC0011302E /* Sources */,
				49BEC3211D9238FC0011302E /* Frameworks */,
				49BEC3221D9238FC0011302E /* Resources */,
				E8054CAD82E9D5B29048A8C9 /* [CP] Embed Pods Frameworks */,
				E1BAF07B3FC02930C6AC86DC /* [CP] Copy Pods Resources */,
			);
			buildRules = (
			);
			dependencies = (
			);
			name = GeekCourse;
			productName = GeekCourse;
			productReference = 49BEC3241D9238FC0011302E /* GeekCourse.app */;
			productType = "com.apple.product-type.application";
		};
/* End PBXNativeTarget section */

/* Begin PBXProject section */
		49BEC31C1D9238FC0011302E /* Project object */ = {
			isa = PBXProject;
			attributes = {
				CLASSPREFIX = Glf;
				LastUpgradeCheck = 0710;
				ORGANIZATIONNAME = Guolefeng;
				TargetAttributes = {
					49BEC3231D9238FC0011302E = {
						CreatedOnToolsVersion = 7.1;
					};
				};
			};
			buildConfigurationList = 49BEC31F1D9238FC0011302E /* Build configuration list for PBXProject "GeekCourse" */;
			compatibilityVersion = "Xcode 3.2";
			developmentRegion = English;
			hasScannedForEncodings = 0;
			knownRegions = (
				en,
				Base,
			);
			mainGroup = 49BEC31B1D9238FC0011302E;
			productRefGroup = 49BEC3251D9238FC0011302E /* Products */;
			projectDirPath = "";
			projectRoot = "";
			targets = (
				49BEC3231D9238FC0011302E /* GeekCourse */,
			);
		};
/* End PBXProject section */

/* Begin PBXResourcesBuildPhase section */
		49BEC3221D9238FC0011302E /* Resources */ = {
			isa = PBXResourcesBuildPhase;
			buildActionMask = 2147483647;
			files = (
				49BEC3401D9239E30011302E /* AboutMe in Resources */,
				49BEC3371D9238FC0011302E /* LaunchScreen.storyboard in Resources */,
				49BEC3341D9238FC0011302E /* Assets.xcassets in Resources */,
				49BEC3321D9238FC0011302E /* Main.storyboard in Resources */,
			);
			runOnlyForDeploymentPostprocessing = 0;
		};
/* End PBXResourcesBuildPhase section */

/* Begin PBXShellScriptBuildPhase section */
		639247E1089A31D9700B87F6 /* [CP] Check Pods Manifest.lock */ = {
			isa = PBXShellScriptBuildPhase;
			buildActionMask = 2147483647;
			files = (
			);
			inputPaths = (
			);
			name = "[CP] Check Pods Manifest.lock";
			outputPaths = (
			);
			runOnlyForDeploymentPostprocessing = 0;
			shellPath = /bin/sh;
			shellScript = "diff \"${PODS_ROOT}/../Podfile.lock\" \"${PODS_ROOT}/Manifest.lock\" > /dev/null\nif [[ $? != 0 ]] ; then\n    cat << EOM\nerror: The sandbox is not in sync with the Podfile.lock. Run 'pod install' or update your CocoaPods installation.\nEOM\n    exit 1\nfi\n";
			showEnvVarsInLog = 0;
		};
		E1BAF07B3FC02930C6AC86DC /* [CP] Copy Pods Resources */ = {
			isa = PBXShellScriptBuildPhase;
			buildActionMask = 2147483647;
			files = (
			);
			inputPaths = (
			);
			name = "[CP] Copy Pods Resources";
			outputPaths = (
			);
			runOnlyForDeploymentPostprocessing = 0;
			shellPath = /bin/sh;
			shellScript = "\"${SRCROOT}/Pods/Target Support Files/Pods-GeekCourse/Pods-GeekCourse-resources.sh\"\n";
			showEnvVarsInLog = 0;
		};
		E8054CAD82E9D5B29048A8C9 /* [CP] Embed Pods Frameworks */ = {
			isa = PBXShellScriptBuildPhase;
			buildActionMask = 2147483647;
			files = (
			);
			inputPaths = (
			);
			name = "[CP] Embed Pods Frameworks";
			outputPaths = (
			);
			runOnlyForDeploymentPostprocessing = 0;
			shellPath = /bin/sh;
			shellScript = "\"${SRCROOT}/Pods/Target Support Files/Pods-GeekCourse/Pods-GeekCourse-frameworks.sh\"\n";
			showEnvVarsInLog = 0;
		};
/* End PBXShellScriptBuildPhase section */

/* Begin PBXSourcesBuildPhase section */
		49BEC3201D9238FC0011302E /* Sources */ = {
			isa = PBXSourcesBuildPhase;
			buildActionMask = 2147483647;
			files = (
				49BEC38E1D9239FE0011302E /* NSUserDefaultsUtils.m in Sources */,
				49E189D21D962A49004A1706 /* Glf_BaseView.m in Sources */,
				49BEC3B61D927C8F0011302E /* Glf_GuideViewController.m in Sources */,
				49913E1C1D9807E800C436EC /* Glf_SearchCoursesViewController.m in Sources */,
				49BEC3831D9239FD0011302E /* NSString+Categories.m in Sources */,
				49E3AFD21D97A7BA00DA29DF /* Glf_CourseCategoryCollectionViewCell.m in Sources */,
				49DC1B2C1D9A711800476592 /* Glf_JobHuntingModel.m in Sources */,
				49E3AFC91D97A32900DA29DF /* Glf_CategroiesModel.m in Sources */,
				49913E0F1D98068600C436EC /* Glf_CustomizedCoursesViewController.m in Sources */,
				49BEC38B1D9239FE0011302E /* HttpClient.m in Sources */,
				49BEC3C91D928A530011302E /* Glf_MineViewController.m in Sources */,
				49DC1B011D9A1A5600476592 /* Glf_PractiseCollectionViewCell.m in Sources */,
				49BEC3841D9239FD0011302E /* NSString+Regex.m in Sources */,
				49E3AFCF1D97A6B700DA29DF /* Glf_CoursesCollectionReusableView.m in Sources */,
				49BEC3511D9239F10011302E /* Glf_BaseModel.m in Sources */,
				49BEC3C31D928A2B0011302E /* Glf_DiscoverViewController.m in Sources */,
				49BEC3861D9239FD0011302E /* UIButton+Block.m in Sources */,
				49BEC37E1D9239FD0011302E /* NSArray+Categories.m in Sources */,
				4994FCBF1D954C1500673F17 /* Glf_MyTableViewCell.m in Sources */,
				49913E081D9805B700C436EC /* Glf_JobHuntingViewController.m in Sources */,
				49E3FECC1D99668000036DF5 /* Glf_SalaryCollectionViewCell.m in Sources */,
				49913E021D9804DA00C436EC /* Glf_PractiseViewController.m in Sources */,
				49E3FEC91D9936F200036DF5 /* Glf_UpLayerCollectionViewCell.m in Sources */,
				49BEC3801D9239FD0011302E /* NSDate+EasyExtend.mm in Sources */,
				49BEC3CE1D928F1A0011302E /* Glf_TabBarViewController.m in Sources */,
				49BEC3811D9239FD0011302E /* NSDictionary+Categories.m in Sources */,
				49BEC32C1D9238FC0011302E /* AppDelegate.m in Sources */,
				49913DFC1D98038700C436EC /* Glf_SalaryRaiseViewController.m in Sources */,
				49BEC38A1D9239FD0011302E /* DataBaseManager.m in Sources */,
				49E3AFCC1D97A34900DA29DF /* Glf_SkillModel.m in Sources */,
				49913DFF1D9803C600C436EC /* Glf_SalaryRaiseModel.m in Sources */,
				49BEC3821D9239FD0011302E /* NSNumber+Extend.m in Sources */,
				49BEC3891D9239FD0011302E /* UIView+Frame.m in Sources */,
				49E3AFC61D97A22100DA29DF /* Glf_CourseCatagoryViewController.m in Sources */,
				49BEC3851D9239FD0011302E /* NSUserDefaults+Categories.m in Sources */,
				49DC1B321D9A9DFE00476592 /* Glf_UpCollectionViewCell.m in Sources */,
				49BEC3881D9239FD0011302E /* UIImage+Categories.m in Sources */,
				49BEC38C1D9239FE0011302E /* AppStoreUtils.m in Sources */,
				49BEC3871D9239FD0011302E /* UIColor+Categories.m in Sources */,
				49BEC38D1D9239FE0011302E /* FileManagerUtils.m in Sources */,
				49BEC3BD1D9289EC0011302E /* Glf_DownloadViewController.m in Sources */,
				49913E191D9807CD00C436EC /* Glf_ScanViewController.m in Sources */,
				49BEC37F1D9239FD0011302E /* NSDate+Categories.m in Sources */,
				49913E051D9804F200C436EC /* Glf_PractiseModel.m in Sources */,
				49E3FE891D98C30C00036DF5 /* Glf_SalaryRaiseHeaderCollectionViewCell.m in Sources */,
				49BEC3B91D927CA20011302E /* Glf_CourseViewController.m in Sources */,
				49BEC3291D9238FC0011302E /* main.m in Sources */,
				49BEC3A71D927B2E0011302E /* Glf_BaseViewController.m in Sources */,
				49BEA3FC1D93F7B9001DED2E /* Glf_ModelOfCourse.m in Sources */,
				49E3AFC31D97A1B400DA29DF /* Glf_HistoryViewController.m in Sources */,
			);
			runOnlyForDeploymentPostprocessing = 0;
		};
/* End PBXSourcesBuildPhase section */

/* Begin PBXVariantGroup section */
		49BEC3301D9238FC0011302E /* Main.storyboard */ = {
			isa = PBXVariantGroup;
			children = (
				49BEC3311D9238FC0011302E /* Base */,
			);
			name = Main.storyboard;
			path = .;
			sourceTree = "<group>";
		};
		49BEC3351D9238FC0011302E /* LaunchScreen.storyboard */ = {
			isa = PBXVariantGroup;
			children = (
				49BEC3361D9238FC0011302E /* Base */,
			);
			name = LaunchScreen.storyboard;
			path = .;
			sourceTree = "<group>";
		};
/* End PBXVariantGroup section */

/* Begin XCBuildConfiguration section */
		49BEC3391D9238FC0011302E /* Debug */ = {
			isa = XCBuildConfiguration;
			buildSettings = {
				ALWAYS_SEARCH_USER_PATHS = NO;
				CLANG_CXX_LANGUAGE_STANDARD = "gnu++0x";
				CLANG_CXX_LIBRARY = "libc++";
				CLANG_ENABLE_MODULES = YES;
				CLANG_ENABLE_OBJC_ARC = YES;
				CLANG_WARN_BOOL_CONVERSION = YES;
				CLANG_WARN_CONSTANT_CONVERSION = YES;
				CLANG_WARN_DIRECT_OBJC_ISA_USAGE = YES_ERROR;
				CLANG_WARN_EMPTY_BODY = YES;
				CLANG_WARN_ENUM_CONVERSION = YES;
				CLANG_WARN_INT_CONVERSION = YES;
				CLANG_WARN_OBJC_ROOT_CLASS = YES_ERROR;
				CLANG_WARN_UNREACHABLE_CODE = YES;
				CLANG_WARN__DUPLICATE_METHOD_MATCH = YES;
				"CODE_SIGN_IDENTITY[sdk=iphoneos*]" = "iPhone Developer";
				COPY_PHASE_STRIP = NO;
				DEBUG_INFORMATION_FORMAT = dwarf;
				ENABLE_STRICT_OBJC_MSGSEND = YES;
				ENABLE_TESTABILITY = YES;
				GCC_C_LANGUAGE_STANDARD = gnu99;
				GCC_DYNAMIC_NO_PIC = NO;
				GCC_NO_COMMON_BLOCKS = YES;
				GCC_OPTIMIZATION_LEVEL = 0;
				GCC_PREPROCESSOR_DEFINITIONS = (
					"DEBUG=1",
					"$(inherited)",
				);
				GCC_WARN_64_TO_32_BIT_CONVERSION = YES;
				GCC_WARN_ABOUT_RETURN_TYPE = YES_ERROR;
				GCC_WARN_UNDECLARED_SELECTOR = YES;
				GCC_WARN_UNINITIALIZED_AUTOS = YES_AGGRESSIVE;
				GCC_WARN_UNUSED_FUNCTION = YES;
				GCC_WARN_UNUSED_VARIABLE = YES;
				IPHONEOS_DEPLOYMENT_TARGET = 9.1;
				MTL_ENABLE_DEBUG_INFO = YES;
				ONLY_ACTIVE_ARCH = YES;
				SDKROOT = iphoneos;
			};
			name = Debug;
		};
		49BEC33A1D9238FC0011302E /* Release */ = {
			isa = XCBuildConfiguration;
			buildSettings = {
				ALWAYS_SEARCH_USER_PATHS = NO;
				CLANG_CXX_LANGUAGE_STANDARD = "gnu++0x";
				CLANG_CXX_LIBRARY = "libc++";
				CLANG_ENABLE_MODULES = YES;
				CLANG_ENABLE_OBJC_ARC = YES;
				CLANG_WARN_BOOL_CONVERSION = YES;
				CLANG_WARN_CONSTANT_CONVERSION = YES;
				CLANG_WARN_DIRECT_OBJC_ISA_USAGE = YES_ERROR;
				CLANG_WARN_EMPTY_BODY = YES;
				CLANG_WARN_ENUM_CONVERSION = YES;
				CLANG_WARN_INT_CONVERSION = YES;
				CLANG_WARN_OBJC_ROOT_CLASS = YES_ERROR;
				CLANG_WARN_UNREACHABLE_CODE = YES;
				CLANG_WARN__DUPLICATE_METHOD_MATCH = YES;
				"CODE_SIGN_IDENTITY[sdk=iphoneos*]" = "iPhone Developer";
				COPY_PHASE_STRIP = NO;
				DEBUG_INFORMATION_FORMAT = "dwarf-with-dsym";
				ENABLE_NS_ASSERTIONS = NO;
				ENABLE_STRICT_OBJC_MSGSEND = YES;
				GCC_C_LANGUAGE_STANDARD = gnu99;
				GCC_NO_COMMON_BLOCKS = YES;
				GCC_WARN_64_TO_32_BIT_CONVERSION = YES;
				GCC_WARN_ABOUT_RETURN_TYPE = YES_ERROR;
				GCC_WARN_UNDECLARED_SELECTOR = YES;
				GCC_WARN_UNINITIALIZED_AUTOS = YES_AGGRESSIVE;
				GCC_WARN_UNUSED_FUNCTION = YES;
				GCC_WARN_UNUSED_VARIABLE = YES;
				IPHONEOS_DEPLOYMENT_TARGET = 9.1;
				MTL_ENABLE_DEBUG_INFO = NO;
				SDKROOT = iphoneos;
				VALIDATE_PRODUCT = YES;
			};
			name = Release;
		};
		49BEC33C1D9238FC0011302E /* Debug */ = {
			isa = XCBuildConfiguration;
			baseConfigurationReference = A7DD935470ECFDE9EE80DC31 /* Pods-GeekCourse.debug.xcconfig */;
			buildSettings = {
				ASSETCATALOG_COMPILER_APPICON_NAME = AppIcon;
				GCC_PRECOMPILE_PREFIX_HEADER = NO;
				GCC_PREFIX_HEADER = "/Users/dllo/Desktop/极课/GeekCourse/GeekCourse/Supporting Files/LF_PrefixHeader.pch";
				INFOPLIST_FILE = GeekCourse/Info.plist;
				IPHONEOS_DEPLOYMENT_TARGET = 8.0;
				LD_RUNPATH_SEARCH_PATHS = "$(inherited) @executable_path/Frameworks";
				PRODUCT_BUNDLE_IDENTIFIER = com.lanou3g.GeekCourse;
				PRODUCT_NAME = "$(TARGET_NAME)";
			};
			name = Debug;
		};
		49BEC33D1D9238FC0011302E /* Release */ = {
			isa = XCBuildConfiguration;
			baseConfigurationReference = C26F2FEB746A615176913B11 /* Pods-GeekCourse.release.xcconfig */;
			buildSettings = {
				ASSETCATALOG_COMPILER_APPICON_NAME = AppIcon;
				GCC_PRECOMPILE_PREFIX_HEADER = NO;
				GCC_PREFIX_HEADER = "/Users/dllo/Desktop/极课/GeekCourse/GeekCourse/Supporting Files/LF_PrefixHeader.pch";
				INFOPLIST_FILE = GeekCourse/Info.plist;
				IPHONEOS_DEPLOYMENT_TARGET = 8.0;
				LD_RUNPATH_SEARCH_PATHS = "$(inherited) @executable_path/Frameworks";
				PRODUCT_BUNDLE_IDENTIFIER = com.lanou3g.GeekCourse;
				PRODUCT_NAME = "$(TARGET_NAME)";
			};
			name = Release;
		};
/* End XCBuildConfiguration section */

/* Begin XCConfigurationList section */
		49BEC31F1D9238FC0011302E /* Build configuration list for PBXProject "GeekCourse" */ = {
			isa = XCConfigurationList;
			buildConfigurations = (
				49BEC3391D9238FC0011302E /* Debug */,
				49BEC33A1D9238FC0011302E /* Release */,
			);
			defaultConfigurationIsVisible = 0;
			defaultConfigurationName = Release;
		};
		49BEC33B1D9238FC0011302E /* Build configuration list for PBXNativeTarget "GeekCourse" */ = {
			isa = XCConfigurationList;
			buildConfigurations = (
				49BEC33C1D9238FC0011302E /* Debug */,
				49BEC33D1D9238FC0011302E /* Release */,
			);
			defaultConfigurationIsVisible = 0;
			defaultConfigurationName = Release;
		};
/* End XCConfigurationList section */
	};
	rootObject = 49BEC31C1D9238FC0011302E /* Project object */;
}
